
Microsoft Visual Studio Solution File, Format Version 12.00
# Visual Studio 15
VisualStudioVersion = 15.0.28307.960
MinimumVisualStudioVersion = 10.0.40219.1
Project("{FAE04EC0-301F-11D3-BF4B-00C04F79EFBC}") = "3DGame", "3DGame\3DGame.csproj", "{4D5AD3FC-9448-436A-9BDE-9EB1A491E2AC}"
EndProject
Project("{FAE04EC0-301F-11D3-BF4B-00C04F79EFBC}") = "Terrain", "Terrain\Terrain.csproj", "{5194618F-FE7F-434F-B5B6-D9DCE3357BCA}"
EndProject
Project("{FAE04EC0-301F-11D3-BF4B-00C04F79EFBC}") = "GameModel", "GameModel\GameModel.csproj", "{A3377DE7-8E2E-456D-8120-61C21730EAC5}"
EndProject
Project("{FAE04EC0-301F-11D3-BF4B-00C04F79EFBC}") = "GUI", "GUI\GUI.csproj", "{1416F2FF-B454-45AB-92BE-811BFC66F6AD}"
EndProject
Project("{FAE04EC0-301F-11D3-BF4B-00C04F79EFBC}") = "ModelGenerator", "ModelGenerator.cs\ModelGenerator.csproj", "{E9B7C791-40DC-478F-8EC1-B5D9802E8D87}"
EndProject
Project("{FAE04EC0-301F-11D3-BF4B-00C04F79EFBC}") = "ModelEditor", "ModelEditor\ModelEditor.csproj", "{712205DD-5E84-4D1A-BD75-F1B0651A9558}"
EndProject
Global
	GlobalSection(SolutionConfigurationPlatforms) = preSolution
		Debug|Any CPU = Debug|Any CPU
		Debug|x86 = Debug|x86
		Release|Any CPU = Release|Any CPU
		Release|x86 = Release|x86
	EndGlobalSection
	GlobalSection(ProjectConfigurationPlatforms) = postSolution
		{4D5AD3FC-9448-436A-9BDE-9EB1A491E2AC}.Debug|Any CPU.ActiveCfg = Debug|x86
		{4D5AD3FC-9448-436A-9BDE-9EB1A491E2AC}.Debug|x86.ActiveCfg = Debug|x86
		{4D5AD3FC-9448-436A-9BDE-9EB1A491E2AC}.Debug|x86.Build.0 = Debug|x86
		{4D5AD3FC-9448-436A-9BDE-9EB1A491E2AC}.Release|Any CPU.ActiveCfg = Release|x86
		{4D5AD3FC-9448-436A-9BDE-9EB1A491E2AC}.Release|x86.ActiveCfg = Release|x86
		{4D5AD3FC-9448-436A-9BDE-9EB1A491E2AC}.Release|x86.Build.0 = Release|x86
		{5194618F-FE7F-434F-B5B6-D9DCE3357BCA}.Debug|Any CPU.ActiveCfg = Debug|Any CPU
		{5194618F-FE7F-434F-B5B6-D9DCE3357BCA}.Debug|Any CPU.Build.0 = Debug|Any CPU
		{5194618F-FE7F-434F-B5B6-D9DCE3357BCA}.Debug|x86.ActiveCfg = Debug|Any CPU
		{5194618F-FE7F-434F-B5B6-D9DCE3357BCA}.Debug|x86.Build.0 = Debug|Any CPU
		{5194618F-FE7F-434F-B5B6-D9DCE3357BCA}.Release|Any CPU.ActiveCfg = Release|Any CPU
		{5194618F-FE7F-434F-B5B6-D9DCE3357BCA}.Release|Any CPU.Build.0 = Release|Any CPU
		{5194618F-FE7F-434F-B5B6-D9DCE3357BCA}.Release|x86.ActiveCfg = Release|Any CPU
		{5194618F-FE7F-434F-B5B6-D9DCE3357BCA}.Release|x86.Build.0 = Release|Any CPU
		{A3377DE7-8E2E-456D-8120-61C21730EAC5}.Debug|Any CPU.ActiveCfg = Debug|Any CPU
		{A3377DE7-8E2E-456D-8120-61C21730EAC5}.Debug|Any CPU.Build.0 = Debug|Any CPU
		{A3377DE7-8E2E-456D-8120-61C21730EAC5}.Debug|x86.ActiveCfg = Debug|Any CPU
		{A3377DE7-8E2E-456D-8120-61C21730EAC5}.Debug|x86.Build.0 = Debug|Any CPU
		{A3377DE7-8E2E-456D-8120-61C21730EAC5}.Release|Any CPU.ActiveCfg = Release|Any CPU
		{A3377DE7-8E2E-456D-8120-61C21730EAC5}.Release|Any CPU.Build.0 = Release|Any CPU
		{A3377DE7-8E2E-456D-8120-61C21730EAC5}.Release|x86.ActiveCfg = Release|Any CPU
		{A3377DE7-8E2E-456D-8120-61C21730EAC5}.Release|x86.Build.0 = Release|Any CPU
		{1416F2FF-B454-45AB-92BE-811BFC66F6AD}.Debug|Any CPU.ActiveCfg = Debug|Any CPU
		{1416F2FF-B454-45AB-92BE-811BFC66F6AD}.Debug|Any CPU.Build.0 = Debug|Any CPU
		{1416F2FF-B454-45AB-92BE-811BFC66F6AD}.Debug|x86.ActiveCfg = Debug|Any CPU
		{1416F2FF-B454-45AB-92BE-811BFC66F6AD}.Debug|x86.Build.0 = Debug|Any CPU
		{1416F2FF-B454-45AB-92BE-811BFC66F6AD}.Release|Any CPU.ActiveCfg = Release|Any CPU
		{1416F2FF-B454-45AB-92BE-811BFC66F6AD}.Release|Any CPU.Build.0 = Release|Any CPU
		{1416F2FF-B454-45AB-92BE-811BFC66F6AD}.Release|x86.ActiveCfg = Release|Any CPU
		{1416F2FF-B454-45AB-92BE-811BFC66F6AD}.Release|x86.Build.0 = Release|Any CPU
		{E9B7C791-40DC-478F-8EC1-B5D9802E8D87}.Debug|Any CPU.ActiveCfg = Debug|Any CPU
		{E9B7C791-40DC-478F-8EC1-B5D9802E8D87}.Debug|Any CPU.Build.0 = Debug|Any CPU
		{E9B7C791-40DC-478F-8EC1-B5D9802E8D87}.Debug|x86.ActiveCfg = Debug|Any CPU
		{E9B7C791-40DC-478F-8EC1-B5D9802E8D87}.Debug|x86.Build.0 = Debug|Any CPU
		{E9B7C791-40DC-478F-8EC1-B5D9802E8D87}.Release|Any CPU.ActiveCfg = Release|Any CPU
		{E9B7C791-40DC-478F-8EC1-B5D9802E8D87}.Release|Any CPU.Build.0 = Release|Any CPU
		{E9B7C791-40DC-478F-8EC1-B5D9802E8D87}.Release|x86.ActiveCfg = Release|Any CPU
		{E9B7C791-40DC-478F-8EC1-B5D9802E8D87}.Release|x86.Build.0 = Release|Any CPU
		{712205DD-5E84-4D1A-BD75-F1B0651A9558}.Debug|Any CPU.ActiveCfg = Debug|x86
		{712205DD-5E84-4D1A-BD75-F1B0651A9558}.Debug|x86.ActiveCfg = Debug|x86
		{712205DD-5E84-4D1A-BD75-F1B0651A9558}.Debug|x86.Build.0 = Debug|x86
		{712205DD-5E84-4D1A-BD75-F1B0651A9558}.Release|Any CPU.ActiveCfg = Release|x86
		{712205DD-5E84-4D1A-BD75-F1B0651A9558}.Release|x86.ActiveCfg = Release|x86
		{712205DD-5E84-4D1A-BD75-F1B0651A9558}.Release|x86.Build.0 = Release|x86
	EndGlobalSection
	GlobalSection(SolutionProperties) = preSolution
		HideSolutionNode = FALSE
	EndGlobalSection
	GlobalSection(ExtensibilityGlobals) = postSolution
		SolutionGuid = {E19E0596-D65F-4D45-ABA0-E417C313E41E}
	EndGlobalSection
EndGlobal
